// !$*UTF8*$!
{
	archiveVersion = 1;
	classes = {
	};
	objectVersion = 56;
	objects = {

/* Begin PBXBuildFile section */
		BD12CDC32A8D130A0020E7F5 /* MoreInfo.swift in Sources */ = {isa = PBXBuildFile; fileRef = BD12CDC22A8D130A0020E7F5 /* MoreInfo.swift */; };
		BD2ADCC72A8E5C4E00D86F8B /* vertFrias.swift in Sources */ = {isa = PBXBuildFile; fileRef = BD2ADCC62A8E5C4E00D86F8B /* vertFrias.swift */; };
		BD2ADCC92A8E60F400D86F8B /* pasta.swift in Sources */ = {isa = PBXBuildFile; fileRef = BD2ADCC82A8E60F400D86F8B /* pasta.swift */; };
		BD65AB662A8E560C0087E204 /* IcnaPasiaMoreInfo.swift in Sources */ = {isa = PBXBuildFile; fileRef = BD65AB652A8E560C0087E204 /* IcnaPasiaMoreInfo.swift */; };
		BDFE0B4D2A8D0C7C0074F5B6 /* LittleAppleApp.swift in Sources */ = {isa = PBXBuildFile; fileRef = BDFE0B4C2A8D0C7C0074F5B6 /* LittleAppleApp.swift */; };
		BDFE0B4F2A8D0C7C0074F5B6 /* ContentView.swift in Sources */ = {isa = PBXBuildFile; fileRef = BDFE0B4E2A8D0C7C0074F5B6 /* ContentView.swift */; };
		BDFE0B512A8D0C7E0074F5B6 /* Assets.xcassets in Resources */ = {isa = PBXBuildFile; fileRef = BDFE0B502A8D0C7E0074F5B6 /* Assets.xcassets */; };
		BDFE0B542A8D0C7E0074F5B6 /* Preview Assets.xcassets in Resources */ = {isa = PBXBuildFile; fileRef = BDFE0B532A8D0C7E0074F5B6 /* Preview Assets.xcassets */; };
		BDFE0B5E2A8D0C7E0074F5B6 /* LittleAppleTests.swift in Sources */ = {isa = PBXBuildFile; fileRef = BDFE0B5D2A8D0C7E0074F5B6 /* LittleAppleTests.swift */; };
		BDFE0B682A8D0C7E0074F5B6 /* LittleAppleUITests.swift in Sources */ = {isa = PBXBuildFile; fileRef = BDFE0B672A8D0C7E0074F5B6 /* LittleAppleUITests.swift */; };
		BDFE0B6A2A8D0C7E0074F5B6 /* LittleAppleUITestsLaunchTests.swift in Sources */ = {isa = PBXBuildFile; fileRef = BDFE0B692A8D0C7E0074F5B6 /* LittleAppleUITestsLaunchTests.swift */; };
		BDFE0B772A8D0D3C0074F5B6 /* QuestionOne.swift in Sources */ = {isa = PBXBuildFile; fileRef = BDFE0B762A8D0D3C0074F5B6 /* QuestionOne.swift */; };
/* End PBXBuildFile section */

/* Begin PBXContainerItemProxy section */
		BDFE0B5A2A8D0C7E0074F5B6 /* PBXContainerItemProxy */ = {
			isa = PBXContainerItemProxy;
			containerPortal = BDFE0B412A8D0C7C0074F5B6 /* Project object */;
			proxyType = 1;
			remoteGlobalIDString = BDFE0B482A8D0C7C0074F5B6;
			remoteInfo = LittleApple;
		};
		BDFE0B642A8D0C7E0074F5B6 /* PBXContainerItemProxy */ = {
			isa = PBXContainerItemProxy;
			containerPortal = BDFE0B412A8D0C7C0074F5B6 /* Project object */;
			proxyType = 1;
			remoteGlobalIDString = BDFE0B482A8D0C7C0074F5B6;
			remoteInfo = LittleApple;
		};
/* End PBXContainerItemProxy section */

/* Begin PBXFileReference section */
		BD12CDC22A8D130A0020E7F5 /* MoreInfo.swift */ = {isa = PBXFileReference; lastKnownFileType = sourcecode.swift; path = MoreInfo.swift; sourceTree = "<group>"; };
		BD2ADCC62A8E5C4E00D86F8B /* vertFrias.swift */ = {isa = PBXFileReference; lastKnownFileType = sourcecode.swift; path = vertFrias.swift; sourceTree = "<group>"; };
		BD2ADCC82A8E60F400D86F8B /* pasta.swift */ = {isa = PBXFileReference; lastKnownFileType = sourcecode.swift; path = pasta.swift; sourceTree = "<group>"; };
		BD65AB652A8E560C0087E204 /* IcnaPasiaMoreInfo.swift */ = {isa = PBXFileReference; lastKnownFileType = sourcecode.swift; path = IcnaPasiaMoreInfo.swift; sourceTree = "<group>"; };
		BDFE0B492A8D0C7C0074F5B6 /* LittleApple.app */ = {isa = PBXFileReference; explicitFileType = wrapper.application; includeInIndex = 0; path = LittleApple.app; sourceTree = BUILT_PRODUCTS_DIR; };
		BDFE0B4C2A8D0C7C0074F5B6 /* LittleAppleApp.swift */ = {isa = PBXFileReference; lastKnownFileType = sourcecode.swift; path = LittleAppleApp.swift; sourceTree = "<group>"; };
		BDFE0B4E2A8D0C7C0074F5B6 /* ContentView.swift */ = {isa = PBXFileReference; lastKnownFileType = sourcecode.swift; path = ContentView.swift; sourceTree = "<group>"; };
		BDFE0B502A8D0C7E0074F5B6 /* Assets.xcassets */ = {isa = PBXFileReference; lastKnownFileType = folder.assetcatalog; path = Assets.xcassets; sourceTree = "<group>"; };
		BDFE0B532A8D0C7E0074F5B6 /* Preview Assets.xcassets */ = {isa = PBXFileReference; lastKnownFileType = folder.assetcatalog; path = "Preview Assets.xcassets"; sourceTree = "<group>"; };
		BDFE0B592A8D0C7E0074F5B6 /* LittleAppleTests.xctest */ = {isa = PBXFileReference; explicitFileType = wrapper.cfbundle; includeInIndex = 0; path = LittleAppleTests.xctest; sourceTree = BUILT_PRODUCTS_DIR; };
		BDFE0B5D2A8D0C7E0074F5B6 /* LittleAppleTests.swift */ = {isa = PBXFileReference; lastKnownFileType = sourcecode.swift; path = LittleAppleTests.swift; sourceTree = "<group>"; };
		BDFE0B632A8D0C7E0074F5B6 /* LittleAppleUITests.xctest */ = {isa = PBXFileReference; explicitFileType = wrapper.cfbundle; includeInIndex = 0; path = LittleAppleUITests.xctest; sourceTree = BUILT_PRODUCTS_DIR; };
		BDFE0B672A8D0C7E0074F5B6 /* LittleAppleUITests.swift */ = {isa = PBXFileReference; lastKnownFileType = sourcecode.swift; path = LittleAppleUITests.swift; sourceTree = "<group>"; };
		BDFE0B692A8D0C7E0074F5B6 /* LittleAppleUITestsLaunchTests.swift */ = {isa = PBXFileReference; lastKnownFileType = sourcecode.swift; path = LittleAppleUITestsLaunchTests.swift; sourceTree = "<group>"; };
		BDFE0B762A8D0D3C0074F5B6 /* QuestionOne.swift */ = {isa = PBXFileReference; lastKnownFileType = sourcecode.swift; path = QuestionOne.swift; sourceTree = "<group>"; };
/* End PBXFileReference section */

/* Begin PBXFrameworksBuildPhase section */
		BDFE0B462A8D0C7C0074F5B6 /* Frameworks */ = {
			isa = PBXFrameworksBuildPhase;
			buildActionMask = 2147483647;
			files = (
			);
			runOnlyForDeploymentPostprocessing = 0;
		};
		BDFE0B562A8D0C7E0074F5B6 /* Frameworks */ = {
			isa = PBXFrameworksBuildPhase;
			buildActionMask = 2147483647;
			files = (
			);
			runOnlyForDeploymentPostprocessing = 0;
		};
		BDFE0B602A8D0C7E0074F5B6 /* Frameworks */ = {
			isa = PBXFrameworksBuildPhase;
			buildActionMask = 2147483647;
			files = (
			);
			runOnlyForDeploymentPostprocessing = 0;
		};
/* End PBXFrameworksBuildPhase section */

/* Begin PBXGroup section */
		BDFE0B402A8D0C7C0074F5B6 = {
			isa = PBXGroup;
			children = (
				BDFE0B4B2A8D0C7C0074F5B6 /* LittleApple */,
				BDFE0B5C2A8D0C7E0074F5B6 /* LittleAppleTests */,
				BDFE0B662A8D0C7E0074F5B6 /* LittleAppleUITests */,
				BDFE0B4A2A8D0C7C0074F5B6 /* Products */,
			);
			sourceTree = "<group>";
		};
		BDFE0B4A2A8D0C7C0074F5B6 /* Products */ = {
			isa = PBXGroup;
			children = (
				BDFE0B492A8D0C7C0074F5B6 /* LittleApple.app */,
				BDFE0B592A8D0C7E0074F5B6 /* LittleAppleTests.xctest */,
				BDFE0B632A8D0C7E0074F5B6 /* LittleAppleUITests.xctest */,
			);
			name = Products;
			sourceTree = "<group>";
		};
		BDFE0B4B2A8D0C7C0074F5B6 /* LittleApple */ = {
			isa = PBXGroup;
			children = (
				BDFE0B4C2A8D0C7C0074F5B6 /* LittleAppleApp.swift */,
				BDFE0B4E2A8D0C7C0074F5B6 /* ContentView.swift */,
				BDFE0B762A8D0D3C0074F5B6 /* QuestionOne.swift */,
				BD12CDC22A8D130A0020E7F5 /* MoreInfo.swift */,
				BD65AB652A8E560C0087E204 /* IcnaPasiaMoreInfo.swift */,
				BD2ADCC62A8E5C4E00D86F8B /* vertFrias.swift */,
				BD2ADCC82A8E60F400D86F8B /* pasta.swift */,
				BDFE0B502A8D0C7E0074F5B6 /* Assets.xcassets */,
				BDFE0B522A8D0C7E0074F5B6 /* Preview Content */,
			);
			path = LittleApple;
			sourceTree = "<group>";
		};
		BDFE0B522A8D0C7E0074F5B6 /* Preview Content */ = {
			isa = PBXGroup;
			children = (
				BDFE0B532A8D0C7E0074F5B6 /* Preview Assets.xcassets */,
			);
			path = "Preview Content";
			sourceTree = "<group>";
		};
		BDFE0B5C2A8D0C7E0074F5B6 /* LittleAppleTests */ = {
			isa = PBXGroup;
			children = (
				BDFE0B5D2A8D0C7E0074F5B6 /* LittleAppleTests.swift */,
			);
			path = LittleAppleTests;
			sourceTree = "<group>";
		};
		BDFE0B662A8D0C7E0074F5B6 /* LittleAppleUITests */ = {
			isa = PBXGroup;
			children = (
				BDFE0B672A8D0C7E0074F5B6 /* LittleAppleUITests.swift */,
				BDFE0B692A8D0C7E0074F5B6 /* LittleAppleUITestsLaunchTests.swift */,
			);
			path = LittleAppleUITests;
			sourceTree = "<group>";
		};
/* End PBXGroup section */

/* Begin PBXNativeTarget section */
		BDFE0B482A8D0C7C0074F5B6 /* LittleApple */ = {
			isa = PBXNativeTarget;
			buildConfigurationList = BDFE0B6D2A8D0C7E0074F5B6 /* Build configuration list for PBXNativeTarget "LittleApple" */;
			buildPhases = (
				BDFE0B452A8D0C7C0074F5B6 /* Sources */,
				BDFE0B462A8D0C7C0074F5B6 /* Frameworks */,
				BDFE0B472A8D0C7C0074F5B6 /* Resources */,
			);
			buildRules = (
			);
			dependencies = (
			);
			name = LittleApple;
			productName = LittleApple;
			productReference = BDFE0B492A8D0C7C0074F5B6 /* LittleApple.app */;
			productType = "com.apple.product-type.application";
		};
		BDFE0B582A8D0C7E0074F5B6 /* LittleAppleTests */ = {
			isa = PBXNativeTarget;
			buildConfigurationList = BDFE0B702A8D0C7E0074F5B6 /* Build configuration list for PBXNativeTarget "LittleAppleTests" */;
			buildPhases = (
				BDFE0B552A8D0C7E0074F5B6 /* Sources */,
				BDFE0B562A8D0C7E0074F5B6 /* Frameworks */,
				BDFE0B572A8D0C7E0074F5B6 /* Resources */,
			);
			buildRules = (
			);
			dependencies = (
				BDFE0B5B2A8D0C7E0074F5B6 /* PBXTargetDependency */,
			);
			name = LittleAppleTests;
			productName = LittleAppleTests;
			productReference = BDFE0B592A8D0C7E0074F5B6 /* LittleAppleTests.xctest */;
			productType = "com.apple.product-type.bundle.unit-test";
		};
		BDFE0B622A8D0C7E0074F5B6 /* LittleAppleUITests */ = {
			isa = PBXNativeTarget;
			buildConfigurationList = BDFE0B732A8D0C7E0074F5B6 /* Build configuration list for PBXNativeTarget "LittleAppleUITests" */;
			buildPhases = (
				BDFE0B5F2A8D0C7E0074F5B6 /* Sources */,
				BDFE0B602A8D0C7E0074F5B6 /* Frameworks */,
				BDFE0B612A8D0C7E0074F5B6 /* Resources */,
			);
			buildRules = (
			);
			dependencies = (
				BDFE0B652A8D0C7E0074F5B6 /* PBXTargetDependency */,
			);
			name = LittleAppleUITests;
			productName = LittleAppleUITests;
			productReference = BDFE0B632A8D0C7E0074F5B6 /* LittleAppleUITests.xctest */;
			productType = "com.apple.product-type.bundle.ui-testing";
		};
/* End PBXNativeTarget section */

/* Begin PBXProject section */
		BDFE0B412A8D0C7C0074F5B6 /* Project object */ = {
			isa = PBXProject;
			attributes = {
				BuildIndependentTargetsInParallel = 1;
				LastSwiftUpdateCheck = 1430;
				LastUpgradeCheck = 1430;
				TargetAttributes = {
					BDFE0B482A8D0C7C0074F5B6 = {
						CreatedOnToolsVersion = 14.3.1;
					};
					BDFE0B582A8D0C7E0074F5B6 = {
						CreatedOnToolsVersion = 14.3.1;
						TestTargetID = BDFE0B482A8D0C7C0074F5B6;
					};
					BDFE0B622A8D0C7E0074F5B6 = {
						CreatedOnToolsVersion = 14.3.1;
						TestTargetID = BDFE0B482A8D0C7C0074F5B6;
					};
				};
			};
			buildConfigurationList = BDFE0B442A8D0C7C0074F5B6 /* Build configuration list for PBXProject "LittleApple" */;
			compatibilityVersion = "Xcode 14.0";
			developmentRegion = en;
			hasScannedForEncodings = 0;
			knownRegions = (
				en,
				Base,
			);
			mainGroup = BDFE0B402A8D0C7C0074F5B6;
			productRefGroup = BDFE0B4A2A8D0C7C0074F5B6 /* Products */;
			projectDirPath = "";
			projectRoot = "";
			targets = (
				BDFE0B482A8D0C7C0074F5B6 /* LittleApple */,
				BDFE0B582A8D0C7E0074F5B6 /* LittleAppleTests */,
				BDFE0B622A8D0C7E0074F5B6 /* LittleAppleUITests */,
			);
		};
/* End PBXProject section */

/* Begin PBXResourcesBuildPhase section */
		BDFE0B472A8D0C7C0074F5B6 /* Resources */ = {
			isa = PBXResourcesBuildPhase;
			buildActionMask = 2147483647;
			files = (
				BDFE0B542A8D0C7E0074F5B6 /* Preview Assets.xcassets in Resources */,
				BDFE0B512A8D0C7E0074F5B6 /* Assets.xcassets in Resources */,
			);
			runOnlyForDeploymentPostprocessing = 0;
		};
		BDFE0B572A8D0C7E0074F5B6 /* Resources */ = {
			isa = PBXResourcesBuildPhase;
			buildActionMask = 2147483647;
			files = (
			);
			runOnlyForDeploymentPostprocessing = 0;
		};
		BDFE0B612A8D0C7E0074F5B6 /* Resources */ = {
			isa = PBXResourcesBuildPhase;
			buildActionMask = 2147483647;
			files = (
			);
			runOnlyForDeploymentPostprocessing = 0;
		};
/* End PBXResourcesBuildPhase section */

/* Begin PBXSourcesBuildPhase section */
		BDFE0B452A8D0C7C0074F5B6 /* Sources */ = {
			isa = PBXSourcesBuildPhase;
			buildActionMask = 2147483647;
			files = (
				BD2ADCC72A8E5C4E00D86F8B /* vertFrias.swift in Sources */,
				BD12CDC32A8D130A0020E7F5 /* MoreInfo.swift in Sources */,
				BDFE0B4F2A8D0C7C0074F5B6 /* ContentView.swift in Sources */,
				BDFE0B772A8D0D3C0074F5B6 /* QuestionOne.swift in Sources */,
				BDFE0B4D2A8D0C7C0074F5B6 /* LittleAppleApp.swift in Sources */,
				BD2ADCC92A8E60F400D86F8B /* pasta.swift in Sources */,
				BD65AB662A8E560C0087E204 /* IcnaPasiaMoreInfo.swift in Sources */,
			);
			runOnlyForDeploymentPostprocessing = 0;
		};
		BDFE0B552A8D0C7E0074F5B6 /* Sources */ = {
			isa = PBXSourcesBuildPhase;
			buildActionMask = 2147483647;
			files = (
				BDFE0B5E2A8D0C7E0074F5B6 /* LittleAppleTests.swift in Sources */,
			);
			runOnlyForDeploymentPostprocessing = 0;
		};
		BDFE0B5F2A8D0C7E0074F5B6 /* Sources */ = {
			isa = PBXSourcesBuildPhase;
			buildActionMask = 2147483647;
			files = (
				BDFE0B682A8D0C7E0074F5B6 /* LittleAppleUITests.swift in Sources */,
				BDFE0B6A2A8D0C7E0074F5B6 /* LittleAppleUITestsLaunchTests.swift in Sources */,
			);
			runOnlyForDeploymentPostprocessing = 0;
		};
/* End PBXSourcesBuildPhase section */

/* Begin PBXTargetDependency section */
		BDFE0B5B2A8D0C7E0074F5B6 /* PBXTargetDependency */ = {
			isa = PBXTargetDependency;
			target = BDFE0B482A8D0C7C0074F5B6 /* LittleApple */;
			targetProxy = BDFE0B5A2A8D0C7E0074F5B6 /* PBXContainerItemProxy */;
		};
		BDFE0B652A8D0C7E0074F5B6 /* PBXTargetDependency */ = {
			isa = PBXTargetDependency;
			target = BDFE0B482A8D0C7C0074F5B6 /* LittleApple */;
			targetProxy = BDFE0B642A8D0C7E0074F5B6 /* PBXContainerItemProxy */;
		};
/* End PBXTargetDependency section */

/* Begin XCBuildConfiguration section */
		BDFE0B6B2A8D0C7E0074F5B6 /* Debug */ = {
			isa = XCBuildConfiguration;
			buildSettings = {
				ALWAYS_SEARCH_USER_PATHS = NO;
				CLANG_ANALYZER_NONNULL = YES;
				CLANG_ANALYZER_NUMBER_OBJECT_CONVERSION = YES_AGGRESSIVE;
				CLANG_CXX_LANGUAGE_STANDARD = "gnu++20";
				CLANG_ENABLE_MODULES = YES;
				CLANG_ENABLE_OBJC_ARC = YES;
				CLANG_ENABLE_OBJC_WEAK = YES;
				CLANG_WARN_BLOCK_CAPTURE_AUTORELEASING = YES;
				CLANG_WARN_BOOL_CONVERSION = YES;
				CLANG_WARN_COMMA = YES;
				CLANG_WARN_CONSTANT_CONVERSION = YES;
				CLANG_WARN_DEPRECATED_OBJC_IMPLEMENTATIONS = YES;
				CLANG_WARN_DIRECT_OBJC_ISA_USAGE = YES_ERROR;
				CLANG_WARN_DOCUMENTATION_COMMENTS = YES;
				CLANG_WARN_EMPTY_BODY = YES;
				CLANG_WARN_ENUM_CONVERSION = YES;
				CLANG_WARN_INFINITE_RECURSION = YES;
				CLANG_WARN_INT_CONVERSION = YES;
				CLANG_WARN_NON_LITERAL_NULL_CONVERSION = YES;
				CLANG_WARN_OBJC_IMPLICIT_RETAIN_SELF = YES;
				CLANG_WARN_OBJC_LITERAL_CONVERSION = YES;
				CLANG_WARN_OBJC_ROOT_CLASS = YES_ERROR;
				CLANG_WARN_QUOTED_INCLUDE_IN_FRAMEWORK_HEADER = YES;
				CLANG_WARN_RANGE_LOOP_ANALYSIS = YES;
				CLANG_WARN_STRICT_PROTOTYPES = YES;
				CLANG_WARN_SUSPICIOUS_MOVE = YES;
				CLANG_WARN_UNGUARDED_AVAILABILITY = YES_AGGRESSIVE;
				CLANG_WARN_UNREACHABLE_CODE = YES;
				CLANG_WARN__DUPLICATE_METHOD_MATCH = YES;
				COPY_PHASE_STRIP = NO;
				DEBUG_INFORMATION_FORMAT = dwarf;
				ENABLE_STRICT_OBJC_MSGSEND = YES;
				ENABLE_TESTABILITY = YES;
				GCC_C_LANGUAGE_STANDARD = gnu11;
				GCC_DYNAMIC_NO_PIC = NO;
				GCC_NO_COMMON_BLOCKS = YES;
				GCC_OPTIMIZATION_LEVEL = 0;
				GCC_PREPROCESSOR_DEFINITIONS = (
					"DEBUG=1",
					"$(inherited)",
				);
				GCC_WARN_64_TO_32_BIT_CONVERSION = YES;
				GCC_WARN_ABOUT_RETURN_TYPE = YES_ERROR;
				GCC_WARN_UNDECLARED_SELECTOR = YES;
				GCC_WARN_UNINITIALIZED_AUTOS = YES_AGGRESSIVE;
				GCC_WARN_UNUSED_FUNCTION = YES;
				GCC_WARN_UNUSED_VARIABLE = YES;
				IPHONEOS_DEPLOYMENT_TARGET = 16.4;
				MTL_ENABLE_DEBUG_INFO = INCLUDE_SOURCE;
				MTL_FAST_MATH = YES;
				ONLY_ACTIVE_ARCH = YES;
				SDKROOT = iphoneos;
				SWIFT_ACTIVE_COMPILATION_CONDITIONS = DEBUG;
				SWIFT_OPTIMIZATION_LEVEL = "-Onone";
			};
			name = Debug;
		};
		BDFE0B6C2A8D0C7E0074F5B6 /* Release */ = {
			isa = XCBuildConfiguration;
			buildSettings = {
				ALWAYS_SEARCH_USER_PATHS = NO;
				CLANG_ANALYZER_NONNULL = YES;
				CLANG_ANALYZER_NUMBER_OBJECT_CONVERSION = YES_AGGRESSIVE;
				CLANG_CXX_LANGUAGE_STANDARD = "gnu++20";
				CLANG_ENABLE_MODULES = YES;
				CLANG_ENABLE_OBJC_ARC = YES;
				CLANG_ENABLE_OBJC_WEAK = YES;
				CLANG_WARN_BLOCK_CAPTURE_AUTORELEASING = YES;
				CLANG_WARN_BOOL_CONVERSION = YES;
				CLANG_WARN_COMMA = YES;
				CLANG_WARN_CONSTANT_CONVERSION = YES;
				CLANG_WARN_DEPRECATED_OBJC_IMPLEMENTATIONS = YES;
				CLANG_WARN_DIRECT_OBJC_ISA_USAGE = YES_ERROR;
				CLANG_WARN_DOCUMENTATION_COMMENTS = YES;
				CLANG_WARN_EMPTY_BODY = YES;
				CLANG_WARN_ENUM_CONVERSION = YES;
				CLANG_WARN_INFINITE_RECURSION = YES;
				CLANG_WARN_INT_CONVERSION = YES;
				CLANG_WARN_NON_LITERAL_NULL_CONVERSION = YES;
				CLANG_WARN_OBJC_IMPLICIT_RETAIN_SELF = YES;
				CLANG_WARN_OBJC_LITERAL_CONVERSION = YES;
				CLANG_WARN_OBJC_ROOT_CLASS = YES_ERROR;
				CLANG_WARN_QUOTED_INCLUDE_IN_FRAMEWORK_HEADER = YES;
				CLANG_WARN_RANGE_LOOP_ANALYSIS = YES;
				CLANG_WARN_STRICT_PROTOTYPES = YES;
				CLANG_WARN_SUSPICIOUS_MOVE = YES;
				CLANG_WARN_UNGUARDED_AVAILABILITY = YES_AGGRESSIVE;
				CLANG_WARN_UNREACHABLE_CODE = YES;
				CLANG_WARN__DUPLICATE_METHOD_MATCH = YES;
				COPY_PHASE_STRIP = NO;
				DEBUG_INFORMATION_FORMAT = "dwarf-with-dsym";
				ENABLE_NS_ASSERTIONS = NO;
				ENABLE_STRICT_OBJC_MSGSEND = YES;
				GCC_C_LANGUAGE_STANDARD = gnu11;
				GCC_NO_COMMON_BLOCKS = YES;
				GCC_WARN_64_TO_32_BIT_CONVERSION = YES;
				GCC_WARN_ABOUT_RETURN_TYPE = YES_ERROR;
				GCC_WARN_UNDECLARED_SELECTOR = YES;
				GCC_WARN_UNINITIALIZED_AUTOS = YES_AGGRESSIVE;
				GCC_WARN_UNUSED_FUNCTION = YES;
				GCC_WARN_UNUSED_VARIABLE = YES;
				IPHONEOS_DEPLOYMENT_TARGET = 16.4;
				MTL_ENABLE_DEBUG_INFO = NO;
				MTL_FAST_MATH = YES;
				SDKROOT = iphoneos;
				SWIFT_COMPILATION_MODE = wholemodule;
				SWIFT_OPTIMIZATION_LEVEL = "-O";
				VALIDATE_PRODUCT = YES;
			};
			name = Release;
		};
		BDFE0B6E2A8D0C7E0074F5B6 /* Debug */ = {
			isa = XCBuildConfiguration;
			buildSettings = {
				ASSETCATALOG_COMPILER_APPICON_NAME = AppIcon;
				ASSETCATALOG_COMPILER_GLOBAL_ACCENT_COLOR_NAME = AccentColor;
				CODE_SIGN_STYLE = Automatic;
				CURRENT_PROJECT_VERSION = 1;
				DEVELOPMENT_ASSET_PATHS = "\"LittleApple/Preview Content\"";
				ENABLE_PREVIEWS = YES;
				GENERATE_INFOPLIST_FILE = YES;
				INFOPLIST_KEY_UIApplicationSceneManifest_Generation = YES;
				INFOPLIST_KEY_UIApplicationSupportsIndirectInputEvents = YES;
				INFOPLIST_KEY_UILaunchScreen_Generation = YES;
				INFOPLIST_KEY_UISupportedInterfaceOrientations_iPad = "UIInterfaceOrientationPortrait UIInterfaceOrientationPortraitUpsideDown UIInterfaceOrientationLandscapeLeft UIInterfaceOrientationLandscapeRight";
				INFOPLIST_KEY_UISupportedInterfaceOrientations_iPhone = "UIInterfaceOrientationPortrait UIInterfaceOrientationLandscapeLeft UIInterfaceOrientationLandscapeRight";
				LD_RUNPATH_SEARCH_PATHS = (
					"$(inherited)",
					"@executable_path/Frameworks",
				);
				MARKETING_VERSION = 1.0;
				PRODUCT_BUNDLE_IDENTIFIER = "Kode-with-Klossy.LittleApple";
				PRODUCT_NAME = "$(TARGET_NAME)";
				SWIFT_EMIT_LOC_STRINGS = YES;
				SWIFT_VERSION = 5.0;
				TARGETED_DEVICE_FAMILY = "1,2";
			};
			name = Debug;
		};
		BDFE0B6F2A8D0C7E0074F5B6 /* Release */ = {
			isa = XCBuildConfiguration;
			buildSettings = {
				ASSETCATALOG_COMPILER_APPICON_NAME = AppIcon;
				ASSETCATALOG_COMPILER_GLOBAL_ACCENT_COLOR_NAME = AccentColor;
				CODE_SIGN_STYLE = Automatic;
				CURRENT_PROJECT_VERSION = 1;
				DEVELOPMENT_ASSET_PATHS = "\"LittleApple/Preview Content\"";
				ENABLE_PREVIEWS = YES;
				GENERATE_INFOPLIST_FILE = YES;
				INFOPLIST_KEY_UIApplicationSceneManifest_Generation = YES;
				INFOPLIST_KEY_UIApplicationSupportsIndirectInputEvents = YES;
				INFOPLIST_KEY_UILaunchScreen_Generation = YES;
				INFOPLIST_KEY_UISupportedInterfaceOrientations_iPad = "UIInterfaceOrientationPortrait UIInterfaceOrientationPortraitUpsideDown UIInterfaceOrientationLandscapeLeft UIInterfaceOrientationLandscapeRight";
				INFOPLIST_KEY_UISupportedInterfaceOrientations_iPhone = "UIInterfaceOrientationPortrait UIInterfaceOrientationLandscapeLeft UIInterfaceOrientationLandscapeRight";
				LD_RUNPATH_SEARCH_PATHS = (
					"$(inherited)",
					"@executable_path/Frameworks",
				);
				MARKETING_VERSION = 1.0;
				PRODUCT_BUNDLE_IDENTIFIER = "Kode-with-Klossy.LittleApple";
				PRODUCT_NAME = "$(TARGET_NAME)";
				SWIFT_EMIT_LOC_STRINGS = YES;
				SWIFT_VERSION = 5.0;
				TARGETED_DEVICE_FAMILY = "1,2";
			};
			name = Release;
		};
		BDFE0B712A8D0C7E0074F5B6 /* Debug */ = {
			isa = XCBuildConfiguration;
			buildSettings = {
				ALWAYS_EMBED_SWIFT_STANDARD_LIBRARIES = YES;
				BUNDLE_LOADER = "$(TEST_HOST)";
				CODE_SIGN_STYLE = Automatic;
				CURRENT_PROJECT_VERSION = 1;
				GENERATE_INFOPLIST_FILE = YES;
				IPHONEOS_DEPLOYMENT_TARGET = 16.4;
				MARKETING_VERSION = 1.0;
				PRODUCT_BUNDLE_IDENTIFIER = "Kode-with-Klossy.LittleAppleTests";
				PRODUCT_NAME = "$(TARGET_NAME)";
				SWIFT_EMIT_LOC_STRINGS = NO;
				SWIFT_VERSION = 5.0;
				TARGETED_DEVICE_FAMILY = "1,2";
				TEST_HOST = "$(BUILT_PRODUCTS_DIR)/LittleApple.app/$(BUNDLE_EXECUTABLE_FOLDER_PATH)/LittleApple";
			};
			name = Debug;
		};
		BDFE0B722A8D0C7E0074F5B6 /* Release */ = {
			isa = XCBuildConfiguration;
			buildSettings = {
				ALWAYS_EMBED_SWIFT_STANDARD_LIBRARIES = YES;
				BUNDLE_LOADER = "$(TEST_HOST)";
				CODE_SIGN_STYLE = Automatic;
				CURRENT_PROJECT_VERSION = 1;
				GENERATE_INFOPLIST_FILE = YES;
				IPHONEOS_DEPLOYMENT_TARGET = 16.4;
				MARKETING_VERSION = 1.0;
				PRODUCT_BUNDLE_IDENTIFIER = "Kode-with-Klossy.LittleAppleTests";
				PRODUCT_NAME = "$(TARGET_NAME)";
				SWIFT_EMIT_LOC_STRINGS = NO;
				SWIFT_VERSION = 5.0;
				TARGETED_DEVICE_FAMILY = "1,2";
				TEST_HOST = "$(BUILT_PRODUCTS_DIR)/LittleApple.app/$(BUNDLE_EXECUTABLE_FOLDER_PATH)/LittleApple";
			};
			name = Release;
		};
		BDFE0B742A8D0C7E0074F5B6 /* Debug */ = {
			isa = XCBuildConfiguration;
			buildSettings = {
				ALWAYS_EMBED_SWIFT_STANDARD_LIBRARIES = YES;
				CODE_SIGN_STYLE = Automatic;
				CURRENT_PROJECT_VERSION = 1;
				GENERATE_INFOPLIST_FILE = YES;
				MARKETING_VERSION = 1.0;
				PRODUCT_BUNDLE_IDENTIFIER = "Kode-with-Klossy.LittleAppleUITests";
				PRODUCT_NAME = "$(TARGET_NAME)";
				SWIFT_EMIT_LOC_STRINGS = NO;
				SWIFT_VERSION = 5.0;
				TARGETED_DEVICE_FAMILY = "1,2";
				TEST_TARGET_NAME = LittleApple;
			};
			name = Debug;
		};
		BDFE0B752A8D0C7E0074F5B6 /* Release */ = {
			isa = XCBuildConfiguration;
			buildSettings = {
				ALWAYS_EMBED_SWIFT_STANDARD_LIBRARIES = YES;
				CODE_SIGN_STYLE = Automatic;
				CURRENT_PROJECT_VERSION = 1;
				GENERATE_INFOPLIST_FILE = YES;
				MARKETING_VERSION = 1.0;
				PRODUCT_BUNDLE_IDENTIFIER = "Kode-with-Klossy.LittleAppleUITests";
				PRODUCT_NAME = "$(TARGET_NAME)";
				SWIFT_EMIT_LOC_STRINGS = NO;
				SWIFT_VERSION = 5.0;
				TARGETED_DEVICE_FAMILY = "1,2";
				TEST_TARGET_NAME = LittleApple;
			};
			name = Release;
		};
/* End XCBuildConfiguration section */

/* Begin XCConfigurationList section */
		BDFE0B442A8D0C7C0074F5B6 /* Build configuration list for PBXProject "LittleApple" */ = {
			isa = XCConfigurationList;
			buildConfigurations = (
				BDFE0B6B2A8D0C7E0074F5B6 /* Debug */,
				BDFE0B6C2A8D0C7E0074F5B6 /* Release */,
			);
			defaultConfigurationIsVisible = 0;
			defaultConfigurationName = Release;
		};
		BDFE0B6D2A8D0C7E0074F5B6 /* Build configuration list for PBXNativeTarget "LittleApple" */ = {
			isa = XCConfigurationList;
			buildConfigurations = (
				BDFE0B6E2A8D0C7E0074F5B6 /* Debug */,
				BDFE0B6F2A8D0C7E0074F5B6 /* Release */,
			);
			defaultConfigurationIsVisible = 0;
			defaultConfigurationName = Release;
		};
		BDFE0B702A8D0C7E0074F5B6 /* Build configuration list for PBXNativeTarget "LittleAppleTests" */ = {
			isa = XCConfigurationList;
			buildConfigurations = (
				BDFE0B712A8D0C7E0074F5B6 /* Debug */,
				BDFE0B722A8D0C7E0074F5B6 /* Release */,
			);
			defaultConfigurationIsVisible = 0;
			defaultConfigurationName = Release;
		};
		BDFE0B732A8D0C7E0074F5B6 /* Build configuration list for PBXNativeTarget "LittleAppleUITests" */ = {
			isa = XCConfigurationList;
			buildConfigurations = (
				BDFE0B742A8D0C7E0074F5B6 /* Debug */,
				BDFE0B752A8D0C7E0074F5B6 /* Release */,
			);
			defaultConfigurationIsVisible = 0;
			defaultConfigurationName = Release;
		};
/* End XCConfigurationList section */
	};
	rootObject = BDFE0B412A8D0C7C0074F5B6 /* Project object */;
}
